// !$*UTF8*$!
{
	archiveVersion = 1;
	classes = {
	};
	objectVersion = 50;
	objects = {

/* Begin PBXBuildFile section */
		D42C0E7B214B9C1E00C0F94A /* AppDelegate.swift in Sources */ = {isa = PBXBuildFile; fileRef = D42C0E7A214B9C1E00C0F94A /* AppDelegate.swift */; };
		D42C0E82214B9C1E00C0F94A /* Main.storyboard in Resources */ = {isa = PBXBuildFile; fileRef = D42C0E80214B9C1E00C0F94A /* Main.storyboard */; };
		D42C0E84214B9C2000C0F94A /* Assets.xcassets in Resources */ = {isa = PBXBuildFile; fileRef = D42C0E83214B9C2000C0F94A /* Assets.xcassets */; };
		D42C0E87214B9C2000C0F94A /* LaunchScreen.storyboard in Resources */ = {isa = PBXBuildFile; fileRef = D42C0E85214B9C2000C0F94A /* LaunchScreen.storyboard */; };
		D42C0E8F214BE2B700C0F94A /* ContactsDB.plist in Resources */ = {isa = PBXBuildFile; fileRef = D42C0E8E214BE2B700C0F94A /* ContactsDB.plist */; };
		D42C0E93214BE68200C0F94A /* PlistLoader.swift in Sources */ = {isa = PBXBuildFile; fileRef = D42C0E92214BE68200C0F94A /* PlistLoader.swift */; };
		D42C0E95214BE69600C0F94A /* Contact.swift in Sources */ = {isa = PBXBuildFile; fileRef = D42C0E94214BE69600C0F94A /* Contact.swift */; };
		D475D9BF215670B8001D6291 /* ContactListController.swift in Sources */ = {isa = PBXBuildFile; fileRef = D475D9BE215670B8001D6291 /* ContactListController.swift */; };
		D475D9C1215670FE001D6291 /* ContactDetailController.swift in Sources */ = {isa = PBXBuildFile; fileRef = D475D9C0215670FE001D6291 /* ContactDetailController.swift */; };
/* End PBXBuildFile section */

/* Begin PBXFileReference section */
		D42C0E77214B9C1E00C0F94A /* contacts.app */ = {isa = PBXFileReference; explicitFileType = wrapper.application; includeInIndex = 0; path = contacts.app; sourceTree = BUILT_PRODUCTS_DIR; };
		D42C0E7A214B9C1E00C0F94A /* AppDelegate.swift */ = {isa = PBXFileReference; lastKnownFileType = sourcecode.swift; path = AppDelegate.swift; sourceTree = "<group>"; };
		D42C0E81214B9C1E00C0F94A /* Base */ = {isa = PBXFileReference; lastKnownFileType = file.storyboard; name = Base; path = Base.lproj/Main.storyboard; sourceTree = "<group>"; };
		D42C0E83214B9C2000C0F94A /* Assets.xcassets */ = {isa = PBXFileReference; lastKnownFileType = folder.assetcatalog; path = Assets.xcassets; sourceTree = "<group>"; };
		D42C0E86214B9C2000C0F94A /* Base */ = {isa = PBXFileReference; lastKnownFileType = file.storyboard; name = Base; path = Base.lproj/LaunchScreen.storyboard; sourceTree = "<group>"; };
		D42C0E88214B9C2000C0F94A /* Info.plist */ = {isa = PBXFileReference; lastKnownFileType = text.plist.xml; path = Info.plist; sourceTree = "<group>"; };
		D42C0E8E214BE2B700C0F94A /* ContactsDB.plist */ = {isa = PBXFileReference; fileEncoding = 4; lastKnownFileType = text.plist.xml; path = ContactsDB.plist; sourceTree = SOURCE_ROOT; };
		D42C0E92214BE68200C0F94A /* PlistLoader.swift */ = {isa = PBXFileReference; lastKnownFileType = sourcecode.swift; path = PlistLoader.swift; sourceTree = "<group>"; };
		D42C0E94214BE69600C0F94A /* Contact.swift */ = {isa = PBXFileReference; lastKnownFileType = sourcecode.swift; path = Contact.swift; sourceTree = "<group>"; };
		D475D9BE215670B8001D6291 /* ContactListController.swift */ = {isa = PBXFileReference; lastKnownFileType = sourcecode.swift; path = ContactListController.swift; sourceTree = "<group>"; };
		D475D9C0215670FE001D6291 /* ContactDetailController.swift */ = {isa = PBXFileReference; lastKnownFileType = sourcecode.swift; path = ContactDetailController.swift; sourceTree = "<group>"; };
/* End PBXFileReference section */

/* Begin PBXFrameworksBuildPhase section */
		D42C0E74214B9C1E00C0F94A /* Frameworks */ = {
			isa = PBXFrameworksBuildPhase;
			buildActionMask = 2147483647;
			files = (
			);
			runOnlyForDeploymentPostprocessing = 0;
		};
/* End PBXFrameworksBuildPhase section */

/* Begin PBXGroup section */
		D42C0E6E214B9C1E00C0F94A = {
			isa = PBXGroup;
			children = (
				D42C0E79214B9C1E00C0F94A /* contacts */,
				D42C0E78214B9C1E00C0F94A /* Products */,
			);
			sourceTree = "<group>";
		};
		D42C0E78214B9C1E00C0F94A /* Products */ = {
			isa = PBXGroup;
			children = (
				D42C0E77214B9C1E00C0F94A /* contacts.app */,
			);
			name = Products;
			sourceTree = "<group>";
		};
		D42C0E79214B9C1E00C0F94A /* contacts */ = {
			isa = PBXGroup;
			children = (
				D42C0E7A214B9C1E00C0F94A /* AppDelegate.swift */,
				D42C0E80214B9C1E00C0F94A /* Main.storyboard */,
				D42C0E83214B9C2000C0F94A /* Assets.xcassets */,
				D42C0E85214B9C2000C0F94A /* LaunchScreen.storyboard */,
				D42C0E8E214BE2B700C0F94A /* ContactsDB.plist */,
				D42C0E88214B9C2000C0F94A /* Info.plist */,
				D42C0E92214BE68200C0F94A /* PlistLoader.swift */,
				D42C0E94214BE69600C0F94A /* Contact.swift */,
				D475D9BE215670B8001D6291 /* ContactListController.swift */,
				D475D9C0215670FE001D6291 /* ContactDetailController.swift */,
			);
			path = contacts;
			sourceTree = "<group>";
		};
/* End PBXGroup section */

/* Begin PBXNativeTarget section */
		D42C0E76214B9C1E00C0F94A /* contacts */ = {
			isa = PBXNativeTarget;
			buildConfigurationList = D42C0E8B214B9C2000C0F94A /* Build configuration list for PBXNativeTarget "contacts" */;
			buildPhases = (
				D42C0E73214B9C1E00C0F94A /* Sources */,
				D42C0E74214B9C1E00C0F94A /* Frameworks */,
				D42C0E75214B9C1E00C0F94A /* Resources */,
			);
			buildRules = (
			);
			dependencies = (
			);
			name = contacts;
			productName = contacts;
			productReference = D42C0E77214B9C1E00C0F94A /* contacts.app */;
			productType = "com.apple.product-type.application";
		};
/* End PBXNativeTarget section */

/* Begin PBXProject section */
		D42C0E6F214B9C1E00C0F94A /* Project object */ = {
			isa = PBXProject;
			attributes = {
				LastSwiftUpdateCheck = 0940;
				LastUpgradeCheck = 0940;
				ORGANIZATIONNAME = Aananya;
				TargetAttributes = {
					D42C0E76214B9C1E00C0F94A = {
						CreatedOnToolsVersion = 9.4.1;
					};
				};
			};
			buildConfigurationList = D42C0E72214B9C1E00C0F94A /* Build configuration list for PBXProject "contacts" */;
			compatibilityVersion = "Xcode 9.3";
			developmentRegion = en;
			hasScannedForEncodings = 0;
			knownRegions = (
				en,
				Base,
			);
			mainGroup = D42C0E6E214B9C1E00C0F94A;
			productRefGroup = D42C0E78214B9C1E00C0F94A /* Products */;
			projectDirPath = "";
			projectRoot = "";
			targets = (
				D42C0E76214B9C1E00C0F94A /* contacts */,
			);
		};
/* End PBXProject section */

/* Begin PBXResourcesBuildPhase section */
		D42C0E75214B9C1E00C0F94A /* Resources */ = {
			isa = PBXResourcesBuildPhase;
			buildActionMask = 2147483647;
			files = (
				D42C0E87214B9C2000C0F94A /* LaunchScreen.storyboard in Resources */,
				D42C0E84214B9C2000C0F94A /* Assets.xcassets in Resources */,
				D42C0E82214B9C1E00C0F94A /* Main.storyboard in Resources */,
				D42C0E8F214BE2B700C0F94A /* ContactsDB.plist in Resources */,
			);
			runOnlyForDeploymentPostprocessing = 0;
		};
/* End PBXResourcesBuildPhase section */

/* Begin PBXSourcesBuildPhase section */
		D42C0E73214B9C1E00C0F94A /* Sources */ = {
			isa = PBXSourcesBuildPhase;
			buildActionMask = 2147483647;
			files = (
				D42C0E95214BE69600C0F94A /* Contact.swift in Sources */,
				D475D9C1215670FE001D6291 /* ContactDetailController.swift in Sources */,
				D42C0E7B214B9C1E00C0F94A /* AppDelegate.swift in Sources */,
				D475D9BF215670B8001D6291 /* ContactListController.swift in Sources */,
				D42C0E93214BE68200C0F94A /* PlistLoader.swift in Sources */,
			);
			runOnlyForDeploymentPostprocessing = 0;
		};
/* End PBXSourcesBuildPhase section */

/* Begin PBXVariantGroup section */
		D42C0E80214B9C1E00C0F94A /* Main.storyboard */ = {
			isa = PBXVariantGroup;
			children = (
				D42C0E81214B9C1E00C0F94A /* Base */,
			);
			name = Main.storyboard;
			sourceTree = "<group>";
		};
		D42C0E85214B9C2000C0F94A /* LaunchScreen.storyboard */ = {
			isa = PBXVariantGroup;
			children = (
				D42C0E86214B9C2000C0F94A /* Base */,
			);
			name = LaunchScreen.storyboard;
			sourceTree = "<group>";
		};
/* End PBXVariantGroup section */

/* Begin XCBuildConfiguration section */
		D42C0E89214B9C2000C0F94A /* Debug */ = {
			isa = XCBuildConfiguration;
			buildSettings = {
				ALWAYS_SEARCH_USER_PATHS = NO;
				CLANG_ANALYZER_NONNULL = YES;
				CLANG_ANALYZER_NUMBER_OBJECT_CONVERSION = YES_AGGRESSIVE;
				CLANG_CXX_LANGUAGE_STANDARD = "gnu++14";
				CLANG_CXX_LIBRARY = "libc++";
				CLANG_ENABLE_MODULES = YES;
				CLANG_ENABLE_OBJC_ARC = YES;
				CLANG_ENABLE_OBJC_WEAK = YES;
				CLANG_WARN_BLOCK_CAPTURE_AUTORELEASING = YES;
				CLANG_WARN_BOOL_CONVERSION = YES;
				CLANG_WARN_COMMA = YES;
				CLANG_WARN_CONSTANT_CONVERSION = YES;
				CLANG_WARN_DEPRECATED_OBJC_IMPLEMENTATIONS = YES;
				CLANG_WARN_DIRECT_OBJC_ISA_USAGE = YES_ERROR;
				CLANG_WARN_DOCUMENTATION_COMMENTS = YES;
				CLANG_WARN_EMPTY_BODY = YES;
				CLANG_WARN_ENUM_CONVERSION = YES;
				CLANG_WARN_INFINITE_RECURSION = YES;
				CLANG_WARN_INT_CONVERSION = YES;
				CLANG_WARN_NON_LITERAL_NULL_CONVERSION = YES;
				CLANG_WARN_OBJC_IMPLICIT_RETAIN_SELF = YES;
				CLANG_WARN_OBJC_LITERAL_CONVERSION = YES;
				CLANG_WARN_OBJC_ROOT_CLASS = YES_ERROR;
				CLANG_WARN_RANGE_LOOP_ANALYSIS = YES;
				CLANG_WARN_STRICT_PROTOTYPES = YES;
				CLANG_WARN_SUSPICIOUS_MOVE = YES;
				CLANG_WARN_UNGUARDED_AVAILABILITY = YES_AGGRESSIVE;
				CLANG_WARN_UNREACHABLE_CODE = YES;
				CLANG_WARN__DUPLICATE_METHOD_MATCH = YES;
				CODE_SIGN_IDENTITY = "iPhone Developer";
				COPY_PHASE_STRIP = NO;
				DEBUG_INFORMATION_FORMAT = dwarf;
				ENABLE_STRICT_OBJC_MSGSEND = YES;
				ENABLE_TESTABILITY = YES;
				GCC_C_LANGUAGE_STANDARD = gnu11;
				GCC_DYNAMIC_NO_PIC = NO;
				GCC_NO_COMMON_BLOCKS = YES;
				GCC_OPTIMIZATION_LEVEL = 0;
				GCC_PREPROCESSOR_DEFINITIONS = (
					"DEBUG=1",
					"$(inherited)",
				);
				GCC_WARN_64_TO_32_BIT_CONVERSION = YES;
				GCC_WARN_ABOUT_RETURN_TYPE = YES_ERROR;
				GCC_WARN_UNDECLARED_SELECTOR = YES;
				GCC_WARN_UNINITIALIZED_AUTOS = YES_AGGRESSIVE;
				GCC_WARN_UNUSED_FUNCTION = YES;
				GCC_WARN_UNUSED_VARIABLE = YES;
				IPHONEOS_DEPLOYMENT_TARGET = 11.4;
				MTL_ENABLE_DEBUG_INFO = YES;
				ONLY_ACTIVE_ARCH = YES;
				SDKROOT = iphoneos;
				SWIFT_ACTIVE_COMPILATION_CONDITIONS = DEBUG;
				SWIFT_OPTIMIZATION_LEVEL = "-Onone";
			};
			name = Debug;
		};
		D42C0E8A214B9C2000C0F94A /* Release */ = {
			isa = XCBuildConfiguration;
			buildSettings = {
				ALWAYS_SEARCH_USER_PATHS = NO;
				CLANG_ANALYZER_NONNULL = YES;
				CLANG_ANALYZER_NUMBER_OBJECT_CONVERSION = YES_AGGRESSIVE;
				CLANG_CXX_LANGUAGE_STANDARD = "gnu++14";
				CLANG_CXX_LIBRARY = "libc++";
				CLANG_ENABLE_MODULES = YES;
				CLANG_ENABLE_OBJC_ARC = YES;
				CLANG_ENABLE_OBJC_WEAK = YES;
				CLANG_WARN_BLOCK_CAPTURE_AUTORELEASING = YES;
				CLANG_WARN_BOOL_CONVERSION = YES;
				CLANG_WARN_COMMA = YES;
				CLANG_WARN_CONSTANT_CONVERSION = YES;
				CLANG_WARN_DEPRECATED_OBJC_IMPLEMENTATIONS = YES;
				CLANG_WARN_DIRECT_OBJC_ISA_USAGE = YES_ERROR;
				CLANG_WARN_DOCUMENTATION_COMMENTS = YES;
				CLANG_WARN_EMPTY_BODY = YES;
				CLANG_WARN_ENUM_CONVERSION = YES;
				CLANG_WARN_INFINITE_RECURSION = YES;
				CLANG_WARN_INT_CONVERSION = YES;
				CLANG_WARN_NON_LITERAL_NULL_CONVERSION = YES;
				CLANG_WARN_OBJC_IMPLICIT_RETAIN_SELF = YES;
				CLANG_WARN_OBJC_LITERAL_CONVERSION = YES;
				CLANG_WARN_OBJC_ROOT_CLASS = YES_ERROR;
				CLANG_WARN_RANGE_LOOP_ANALYSIS = YES;
				CLANG_WARN_STRICT_PROTOTYPES = YES;
				CLANG_WARN_SUSPICIOUS_MOVE = YES;
				CLANG_WARN_UNGUARDED_AVAILABILITY = YES_AGGRESSIVE;
				CLANG_WARN_UNREACHABLE_CODE = YES;
				CLANG_WARN__DUPLICATE_METHOD_MATCH = YES;
				CODE_SIGN_IDENTITY = "iPhone Developer";
				COPY_PHASE_STRIP = NO;
				DEBUG_INFORMATION_FORMAT = "dwarf-with-dsym";
				ENABLE_NS_ASSERTIONS = NO;
				ENABLE_STRICT_OBJC_MSGSEND = YES;
				GCC_C_LANGUAGE_STANDARD = gnu11;
				GCC_NO_COMMON_BLOCKS = YES;
				GCC_WARN_64_TO_32_BIT_CONVERSION = YES;
				GCC_WARN_ABOUT_RETURN_TYPE = YES_ERROR;
				GCC_WARN_UNDECLARED_SELECTOR = YES;
				GCC_WARN_UNINITIALIZED_AUTOS = YES_AGGRESSIVE;
				GCC_WARN_UNUSED_FUNCTION = YES;
				GCC_WARN_UNUSED_VARIABLE = YES;
				IPHONEOS_DEPLOYMENT_TARGET = 11.4;
				MTL_ENABLE_DEBUG_INFO = NO;
				SDKROOT = iphoneos;
				SWIFT_COMPILATION_MODE = wholemodule;
				SWIFT_OPTIMIZATION_LEVEL = "-O";
				VALIDATE_PRODUCT = YES;
			};
			name = Release;
		};
		D42C0E8C214B9C2000C0F94A /* Debug */ = {
			isa = XCBuildConfiguration;
			buildSettings = {
				ASSETCATALOG_COMPILER_APPICON_NAME = AppIcon;
				CODE_SIGN_STYLE = Automatic;
				DEVELOPMENT_TEAM = 2FHJ74QEG7;
				INFOPLIST_FILE = contacts/Info.plist;
				LD_RUNPATH_SEARCH_PATHS = (
					"$(inherited)",
					"@executable_path/Frameworks",
				);
				PRODUCT_BUNDLE_IDENTIFIER = "com.astream.h-outlook.contacts";
				PRODUCT_NAME = "$(TARGET_NAME)";
				SWIFT_VERSION = 4.0;
				TARGETED_DEVICE_FAMILY = "1,2";
			};
			name = Debug;
		};
		D42C0E8D214B9C2000C0F94A /* Release */ = {
			isa = XCBuildConfiguration;
			buildSettings = {
				ASSETCATALOG_COMPILER_APPICON_NAME = AppIcon;
				CODE_SIGN_STYLE = Automatic;
				DEVELOPMENT_TEAM = 2FHJ74QEG7;
				INFOPLIST_FILE = contacts/Info.plist;
				LD_RUNPATH_SEARCH_PATHS = (
					"$(inherited)",
					"@executable_path/Frameworks",
				);
				PRODUCT_BUNDLE_IDENTIFIER = "com.astream.h-outlook.contacts";
				PRODUCT_NAME = "$(TARGET_NAME)";
				SWIFT_VERSION = 4.0;
				TARGETED_DEVICE_FAMILY = "1,2";
			};
			name = Release;
		};
/* End XCBuildConfiguration section */

/* Begin XCConfigurationList section */
		D42C0E72214B9C1E00C0F94A /* Build configuration list for PBXProject "contacts" */ = {
			isa = XCConfigurationList;
			buildConfigurations = (
				D42C0E89214B9C2000C0F94A /* Debug */,
				D42C0E8A214B9C2000C0F94A /* Release */,
			);
			defaultConfigurationIsVisible = 0;
			defaultConfigurationName = Release;
		};
		D42C0E8B214B9C2000C0F94A /* Build configuration list for PBXNativeTarget "contacts" */ = {
			isa = XCConfigurationList;
			buildConfigurations = (
				D42C0E8C214B9C2000C0F94A /* Debug */,
				D42C0E8D214B9C2000C0F94A /* Release */,
			);
			defaultConfigurationIsVisible = 0;
			defaultConfigurationName = Release;
		};
/* End XCConfigurationList section */
	};
	rootObject = D42C0E6F214B9C1E00C0F94A /* Project object */;
}
